
Microsoft Visual Studio Solution File, Format Version 12.00
# Visual Studio Version 17
VisualStudioVersion = 17.5.33530.505
MinimumVisualStudioVersion = 10.0.40219.1
Project("{FAE04EC0-301F-11D3-BF4B-00C04F79EFBC}") = "PayrollProject", "PayrollProject\PayrollProject.csproj", "{AC8B0397-972E-422F-9D7F-BDAABD8752D1}"
EndProject
Global
	GlobalSection(SolutionConfigurationPlatforms) = preSolution
		Debug|Any CPU = Debug|Any CPU
		Release|Any CPU = Release|Any CPU
	EndGlobalSection
	GlobalSection(ProjectConfigurationPlatforms) = postSolution
		{AC8B0397-972E-422F-9D7F-BDAABD8752D1}.Debug|Any CPU.ActiveCfg = Debug|Any CPU
		{AC8B0397-972E-422F-9D7F-BDAABD8752D1}.Debug|Any CPU.Build.0 = Debug|Any CPU
		{AC8B0397-972E-422F-9D7F-BDAABD8752D1}.Release|Any CPU.ActiveCfg = Release|Any CPU
		{AC8B0397-972E-422F-9D7F-BDAABD8752D1}.Release|Any CPU.Build.0 = Release|Any CPU
	EndGlobalSection
	GlobalSection(SolutionProperties) = preSolution
		HideSolutionNode = FALSE
	EndGlobalSection
	GlobalSection(ExtensibilityGlobals) = postSolution
		SolutionGuid = {6D60D8F4-FB2E-4109-AD50-1A344A7F5AB1}
	EndGlobalSection
EndGlobal
